{
	"name": "user-center",
	"version": "1.0.0",
	"lockfileVersion": 1,
	"requires": true,
	"dependencies": {
		"uni-captcha": {
			"version": "file:../../../uni_modules/uni-captcha/uniCloud/cloudfunctions/common/uni-captcha"
		},
		"uni-id": {
			"version": "file:../../../uni_modules/uni-id/uniCloud/cloudfunctions/common/uni-id",
			"requires": {
				"uni-config-center": "file:../../../uni_modules/uni-config-center/uniCloud/cloudfunctions/common/uni-config-center"
			},
			"dependencies": {
				"uni-config-center": {
					"version": "file:../../../uni_modules/uni-config-center/uniCloud/cloudfunctions/common/uni-config-center"
				}
			}
		}
	}
}
